
Microsoft Visual Studio Solution File, Format Version 12.00
# Visual Studio Version 17
VisualStudioVersion = 17.1.32210.238
MinimumVisualStudioVersion = 10.0.40219.1
Project("{FAE04EC0-301F-11D3-BF4B-00C04F79EFBC}") = "MoneyGraph.NET", "MoneyGraph.NET\MoneyGraph.NET.csproj", "{F2242C3A-C4AC-4615-8675-C71CD7E45DC4}"
EndProject
Global
	GlobalSection(SolutionConfigurationPlatforms) = preSolution
		Debug|Any CPU = Debug|Any CPU
		Release|Any CPU = Release|Any CPU
	EndGlobalSection
	GlobalSection(ProjectConfigurationPlatforms) = postSolution
		{F2242C3A-C4AC-4615-8675-C71CD7E45DC4}.Debug|Any CPU.ActiveCfg = Debug|Any CPU
		{F2242C3A-C4AC-4615-8675-C71CD7E45DC4}.Debug|Any CPU.Build.0 = Debug|Any CPU
		{F2242C3A-C4AC-4615-8675-C71CD7E45DC4}.Release|Any CPU.ActiveCfg = Release|Any CPU
		{F2242C3A-C4AC-4615-8675-C71CD7E45DC4}.Release|Any CPU.Build.0 = Release|Any CPU
	EndGlobalSection
	GlobalSection(SolutionProperties) = preSolution
		HideSolutionNode = FALSE
	EndGlobalSection
	GlobalSection(ExtensibilityGlobals) = postSolution
		SolutionGuid = {34B731D1-27AF-480E-BA44-D3624F2C84D3}
	EndGlobalSection
EndGlobal
